
Microsoft Visual Studio Solution File, Format Version 12.00
# Visual Studio Version 16
VisualStudioVersion = 16.0.31515.178
MinimumVisualStudioVersion = 10.0.40219.1
Project("{9A19103F-16F7-4668-BE54-9A1E7A4F7556}") = "MAD.Procore.RecurringStudioHoursUpload", "MAD.Procore.RecurringStudioHoursUpload\MAD.Procore.RecurringStudioHoursUpload.csproj", "{B6E8E604-7AFD-47DD-B659-1E4190C748C8}"
EndProject
Project("{FAE04EC0-301F-11D3-BF4B-00C04F79EFBC}") = "MAD.Procore.RecurringStudioHoursUpload.Tests", "MAD.Procore.RecurringStudioHoursUpload.Tests\MAD.Procore.RecurringStudioHoursUpload.Tests.csproj", "{1BBD3838-8C4C-430B-A022-299B5C8FD36D}"
EndProject
Global
	GlobalSection(SolutionConfigurationPlatforms) = preSolution
		Debug|Any CPU = Debug|Any CPU
		Release|Any CPU = Release|Any CPU
	EndGlobalSection
	GlobalSection(ProjectConfigurationPlatforms) = postSolution
		{B6E8E604-7AFD-47DD-B659-1E4190C748C8}.Debug|Any CPU.ActiveCfg = Debug|Any CPU
		{B6E8E604-7AFD-47DD-B659-1E4190C748C8}.Debug|Any CPU.Build.0 = Debug|Any CPU
		{B6E8E604-7AFD-47DD-B659-1E4190C748C8}.Release|Any CPU.ActiveCfg = Release|Any CPU
		{B6E8E604-7AFD-47DD-B659-1E4190C748C8}.Release|Any CPU.Build.0 = Release|Any CPU
		{1BBD3838-8C4C-430B-A022-299B5C8FD36D}.Debug|Any CPU.ActiveCfg = Debug|Any CPU
		{1BBD3838-8C4C-430B-A022-299B5C8FD36D}.Debug|Any CPU.Build.0 = Debug|Any CPU
		{1BBD3838-8C4C-430B-A022-299B5C8FD36D}.Release|Any CPU.ActiveCfg = Release|Any CPU
		{1BBD3838-8C4C-430B-A022-299B5C8FD36D}.Release|Any CPU.Build.0 = Release|Any CPU
	EndGlobalSection
	GlobalSection(SolutionProperties) = preSolution
		HideSolutionNode = FALSE
	EndGlobalSection
	GlobalSection(ExtensibilityGlobals) = postSolution
		SolutionGuid = {FEEFD0E1-4348-49FE-8E8D-30C139874A64}
	EndGlobalSection
EndGlobal
